// !$*UTF8*$!
{
	archiveVersion = 1;
	classes = {
	};
	objectVersion = 48;
	objects = {

/* Begin PBXBuildFile section */
		5B82DC161FA220D3009FDE58 /* AppDelegate.swift in Sources */ = {isa = PBXBuildFile; fileRef = 5B82DC151FA220D3009FDE58 /* AppDelegate.swift */; };
		5B82DC181FA220D3009FDE58 /* ViewController.swift in Sources */ = {isa = PBXBuildFile; fileRef = 5B82DC171FA220D3009FDE58 /* ViewController.swift */; };
		5B82DC1B1FA220D3009FDE58 /* Main.storyboard in Resources */ = {isa = PBXBuildFile; fileRef = 5B82DC191FA220D3009FDE58 /* Main.storyboard */; };
		5B82DC1D1FA220D3009FDE58 /* Assets.xcassets in Resources */ = {isa = PBXBuildFile; fileRef = 5B82DC1C1FA220D3009FDE58 /* Assets.xcassets */; };
		5B82DC201FA220D3009FDE58 /* LaunchScreen.storyboard in Resources */ = {isa = PBXBuildFile; fileRef = 5B82DC1E1FA220D3009FDE58 /* LaunchScreen.storyboard */; };
		5B82DC2B1FA220D3009FDE58 /* Connor_CSPTests.swift in Sources */ = {isa = PBXBuildFile; fileRef = 5B82DC2A1FA220D3009FDE58 /* Connor_CSPTests.swift */; };
		5B82DC361FA220D3009FDE58 /* Connor_CSPUITests.swift in Sources */ = {isa = PBXBuildFile; fileRef = 5B82DC351FA220D3009FDE58 /* Connor_CSPUITests.swift */; };
		5B82DC461FA223C2009FDE58 /* CreativityController.swift in Sources */ = {isa = PBXBuildFile; fileRef = 5B82DC451FA223C2009FDE58 /* CreativityController.swift */; };
		5B82DC491FA223F7009FDE58 /* AbstractionController.swift in Sources */ = {isa = PBXBuildFile; fileRef = 5B82DC481FA223F7009FDE58 /* AbstractionController.swift */; };
		5B82DC4B1FA22409009FDE58 /* DataInformationController.swift in Sources */ = {isa = PBXBuildFile; fileRef = 5B82DC4A1FA22409009FDE58 /* DataInformationController.swift */; };
		5B82DC4D1FA22418009FDE58 /* AlgorithmsController.swift in Sources */ = {isa = PBXBuildFile; fileRef = 5B82DC4C1FA22418009FDE58 /* AlgorithmsController.swift */; };
		5B82DC4F1FA22423009FDE58 /* ProgrammingController.swift in Sources */ = {isa = PBXBuildFile; fileRef = 5B82DC4E1FA22423009FDE58 /* ProgrammingController.swift */; };
		5B82DC511FA22435009FDE58 /* theInternetController.swift in Sources */ = {isa = PBXBuildFile; fileRef = 5B82DC501FA22435009FDE58 /* theInternetController.swift */; };
		5B82DC531FA2244C009FDE58 /* globalImpactController.swift in Sources */ = {isa = PBXBuildFile; fileRef = 5B82DC521FA2244C009FDE58 /* globalImpactController.swift */; };
/* End PBXBuildFile section */

/* Begin PBXContainerItemProxy section */
		5B82DC271FA220D3009FDE58 /* PBXContainerItemProxy */ = {
			isa = PBXContainerItemProxy;
			containerPortal = 5B82DC0A1FA220D3009FDE58 /* Project object */;
			proxyType = 1;
			remoteGlobalIDString = 5B82DC111FA220D3009FDE58;
			remoteInfo = Connor_CSP;
		};
		5B82DC321FA220D3009FDE58 /* PBXContainerItemProxy */ = {
			isa = PBXContainerItemProxy;
			containerPortal = 5B82DC0A1FA220D3009FDE58 /* Project object */;
			proxyType = 1;
			remoteGlobalIDString = 5B82DC111FA220D3009FDE58;
			remoteInfo = Connor_CSP;
		};
/* End PBXContainerItemProxy section */

/* Begin PBXFileReference section */
		5B82DC121FA220D3009FDE58 /* Connor_CSP.app */ = {isa = PBXFileReference; explicitFileType = wrapper.application; includeInIndex = 0; path = Connor_CSP.app; sourceTree = BUILT_PRODUCTS_DIR; };
		5B82DC151FA220D3009FDE58 /* AppDelegate.swift */ = {isa = PBXFileReference; lastKnownFileType = sourcecode.swift; path = AppDelegate.swift; sourceTree = "<group>"; };
		5B82DC171FA220D3009FDE58 /* ViewController.swift */ = {isa = PBXFileReference; lastKnownFileType = sourcecode.swift; path = ViewController.swift; sourceTree = "<group>"; };
		5B82DC1A1FA220D3009FDE58 /* Base */ = {isa = PBXFileReference; lastKnownFileType = file.storyboard; name = Base; path = Base.lproj/Main.storyboard; sourceTree = "<group>"; };
		5B82DC1C1FA220D3009FDE58 /* Assets.xcassets */ = {isa = PBXFileReference; lastKnownFileType = folder.assetcatalog; path = Assets.xcassets; sourceTree = "<group>"; };
		5B82DC1F1FA220D3009FDE58 /* Base */ = {isa = PBXFileReference; lastKnownFileType = file.storyboard; name = Base; path = Base.lproj/LaunchScreen.storyboard; sourceTree = "<group>"; };
		5B82DC211FA220D3009FDE58 /* Info.plist */ = {isa = PBXFileReference; lastKnownFileType = text.plist.xml; path = Info.plist; sourceTree = "<group>"; };
		5B82DC261FA220D3009FDE58 /* Connor_CSPTests.xctest */ = {isa = PBXFileReference; explicitFileType = wrapper.cfbundle; includeInIndex = 0; path = Connor_CSPTests.xctest; sourceTree = BUILT_PRODUCTS_DIR; };
		5B82DC2A1FA220D3009FDE58 /* Connor_CSPTests.swift */ = {isa = PBXFileReference; lastKnownFileType = sourcecode.swift; path = Connor_CSPTests.swift; sourceTree = "<group>"; };
		5B82DC2C1FA220D3009FDE58 /* Info.plist */ = {isa = PBXFileReference; lastKnownFileType = text.plist.xml; path = Info.plist; sourceTree = "<group>"; };
		5B82DC311FA220D3009FDE58 /* Connor_CSPUITests.xctest */ = {isa = PBXFileReference; explicitFileType = wrapper.cfbundle; includeInIndex = 0; path = Connor_CSPUITests.xctest; sourceTree = BUILT_PRODUCTS_DIR; };
		5B82DC351FA220D3009FDE58 /* Connor_CSPUITests.swift */ = {isa = PBXFileReference; lastKnownFileType = sourcecode.swift; path = Connor_CSPUITests.swift; sourceTree = "<group>"; };
		5B82DC371FA220D3009FDE58 /* Info.plist */ = {isa = PBXFileReference; lastKnownFileType = text.plist.xml; path = Info.plist; sourceTree = "<group>"; };
		5B82DC451FA223C2009FDE58 /* CreativityController.swift */ = {isa = PBXFileReference; lastKnownFileType = sourcecode.swift; path = CreativityController.swift; sourceTree = "<group>"; };
		5B82DC481FA223F7009FDE58 /* AbstractionController.swift */ = {isa = PBXFileReference; lastKnownFileType = sourcecode.swift; path = AbstractionController.swift; sourceTree = "<group>"; };
		5B82DC4A1FA22409009FDE58 /* DataInformationController.swift */ = {isa = PBXFileReference; lastKnownFileType = sourcecode.swift; path = DataInformationController.swift; sourceTree = "<group>"; };
		5B82DC4C1FA22418009FDE58 /* AlgorithmsController.swift */ = {isa = PBXFileReference; lastKnownFileType = sourcecode.swift; path = AlgorithmsController.swift; sourceTree = "<group>"; };
		5B82DC4E1FA22423009FDE58 /* ProgrammingController.swift */ = {isa = PBXFileReference; lastKnownFileType = sourcecode.swift; path = ProgrammingController.swift; sourceTree = "<group>"; };
		5B82DC501FA22435009FDE58 /* theInternetController.swift */ = {isa = PBXFileReference; lastKnownFileType = sourcecode.swift; path = theInternetController.swift; sourceTree = "<group>"; };
		5B82DC521FA2244C009FDE58 /* globalImpactController.swift */ = {isa = PBXFileReference; lastKnownFileType = sourcecode.swift; path = globalImpactController.swift; sourceTree = "<group>"; };
/* End PBXFileReference section */

/* Begin PBXFrameworksBuildPhase section */
		5B82DC0F1FA220D3009FDE58 /* Frameworks */ = {
			isa = PBXFrameworksBuildPhase;
			buildActionMask = 2147483647;
			files = (
			);
			runOnlyForDeploymentPostprocessing = 0;
		};
		5B82DC231FA220D3009FDE58 /* Frameworks */ = {
			isa = PBXFrameworksBuildPhase;
			buildActionMask = 2147483647;
			files = (
			);
			runOnlyForDeploymentPostprocessing = 0;
		};
		5B82DC2E1FA220D3009FDE58 /* Frameworks */ = {
			isa = PBXFrameworksBuildPhase;
			buildActionMask = 2147483647;
			files = (
			);
			runOnlyForDeploymentPostprocessing = 0;
		};
/* End PBXFrameworksBuildPhase section */

/* Begin PBXGroup section */
		5B82DC091FA220D3009FDE58 = {
			isa = PBXGroup;
			children = (
				5B82DC141FA220D3009FDE58 /* Connor_CSP */,
				5B82DC291FA220D3009FDE58 /* Connor_CSPTests */,
				5B82DC341FA220D3009FDE58 /* Connor_CSPUITests */,
				5B82DC131FA220D3009FDE58 /* Products */,
			);
			sourceTree = "<group>";
		};
		5B82DC131FA220D3009FDE58 /* Products */ = {
			isa = PBXGroup;
			children = (
				5B82DC121FA220D3009FDE58 /* Connor_CSP.app */,
				5B82DC261FA220D3009FDE58 /* Connor_CSPTests.xctest */,
				5B82DC311FA220D3009FDE58 /* Connor_CSPUITests.xctest */,
			);
			name = Products;
			sourceTree = "<group>";
		};
		5B82DC141FA220D3009FDE58 /* Connor_CSP */ = {
			isa = PBXGroup;
			children = (
				5BBF3C201FB3543900F3D2C7 /* Settings */,
				5BBF3C1E1FB3540500F3D2C7 /* StoryBoards */,
				5B82DC471FA223D5009FDE58 /* ScreenControllers */,
				5B82DC151FA220D3009FDE58 /* AppDelegate.swift */,
			);
			path = Connor_CSP;
			sourceTree = "<group>";
		};
		5B82DC291FA220D3009FDE58 /* Connor_CSPTests */ = {
			isa = PBXGroup;
			children = (
				5B82DC2A1FA220D3009FDE58 /* Connor_CSPTests.swift */,
				5B82DC2C1FA220D3009FDE58 /* Info.plist */,
			);
			path = Connor_CSPTests;
			sourceTree = "<group>";
		};
		5B82DC341FA220D3009FDE58 /* Connor_CSPUITests */ = {
			isa = PBXGroup;
			children = (
				5B82DC351FA220D3009FDE58 /* Connor_CSPUITests.swift */,
				5B82DC371FA220D3009FDE58 /* Info.plist */,
			);
			path = Connor_CSPUITests;
			sourceTree = "<group>";
		};
		5B82DC471FA223D5009FDE58 /* ScreenControllers */ = {
			isa = PBXGroup;
			children = (
				5B82DC451FA223C2009FDE58 /* CreativityController.swift */,
				5B82DC171FA220D3009FDE58 /* ViewController.swift */,
				5B82DC481FA223F7009FDE58 /* AbstractionController.swift */,
				5B82DC4A1FA22409009FDE58 /* DataInformationController.swift */,
				5B82DC4C1FA22418009FDE58 /* AlgorithmsController.swift */,
				5B82DC4E1FA22423009FDE58 /* ProgrammingController.swift */,
				5B82DC501FA22435009FDE58 /* theInternetController.swift */,
				5B82DC521FA2244C009FDE58 /* globalImpactController.swift */,
			);
			path = ScreenControllers;
			sourceTree = "<group>";
		};
		5BBF3C1E1FB3540500F3D2C7 /* StoryBoards */ = {
			isa = PBXGroup;
			children = (
				5B82DC1E1FA220D3009FDE58 /* LaunchScreen.storyboard */,
				5B82DC191FA220D3009FDE58 /* Main.storyboard */,
			);
			path = StoryBoards;
			sourceTree = "<group>";
		};
		5BBF3C201FB3543900F3D2C7 /* Settings */ = {
			isa = PBXGroup;
			children = (
				5B82DC211FA220D3009FDE58 /* Info.plist */,
				5B82DC1C1FA220D3009FDE58 /* Assets.xcassets */,
			);
			path = Settings;
			sourceTree = "<group>";
		};
/* End PBXGroup section */

/* Begin PBXNativeTarget section */
		5B82DC111FA220D3009FDE58 /* Connor_CSP */ = {
			isa = PBXNativeTarget;
			buildConfigurationList = 5B82DC3A1FA220D3009FDE58 /* Build configuration list for PBXNativeTarget "Connor_CSP" */;
			buildPhases = (
				5B82DC0E1FA220D3009FDE58 /* Sources */,
				5B82DC0F1FA220D3009FDE58 /* Frameworks */,
				5B82DC101FA220D3009FDE58 /* Resources */,
			);
			buildRules = (
			);
			dependencies = (
			);
			name = Connor_CSP;
			productName = Connor_CSP;
			productReference = 5B82DC121FA220D3009FDE58 /* Connor_CSP.app */;
			productType = "com.apple.product-type.application";
		};
		5B82DC251FA220D3009FDE58 /* Connor_CSPTests */ = {
			isa = PBXNativeTarget;
			buildConfigurationList = 5B82DC3D1FA220D3009FDE58 /* Build configuration list for PBXNativeTarget "Connor_CSPTests" */;
			buildPhases = (
				5B82DC221FA220D3009FDE58 /* Sources */,
				5B82DC231FA220D3009FDE58 /* Frameworks */,
				5B82DC241FA220D3009FDE58 /* Resources */,
			);
			buildRules = (
			);
			dependencies = (
				5B82DC281FA220D3009FDE58 /* PBXTargetDependency */,
			);
			name = Connor_CSPTests;
			productName = Connor_CSPTests;
			productReference = 5B82DC261FA220D3009FDE58 /* Connor_CSPTests.xctest */;
			productType = "com.apple.product-type.bundle.unit-test";
		};
		5B82DC301FA220D3009FDE58 /* Connor_CSPUITests */ = {
			isa = PBXNativeTarget;
			buildConfigurationList = 5B82DC401FA220D3009FDE58 /* Build configuration list for PBXNativeTarget "Connor_CSPUITests" */;
			buildPhases = (
				5B82DC2D1FA220D3009FDE58 /* Sources */,
				5B82DC2E1FA220D3009FDE58 /* Frameworks */,
				5B82DC2F1FA220D3009FDE58 /* Resources */,
			);
			buildRules = (
			);
			dependencies = (
				5B82DC331FA220D3009FDE58 /* PBXTargetDependency */,
			);
			name = Connor_CSPUITests;
			productName = Connor_CSPUITests;
			productReference = 5B82DC311FA220D3009FDE58 /* Connor_CSPUITests.xctest */;
			productType = "com.apple.product-type.bundle.ui-testing";
		};
/* End PBXNativeTarget section */

/* Begin PBXProject section */
		5B82DC0A1FA220D3009FDE58 /* Project object */ = {
			isa = PBXProject;
			attributes = {
				LastSwiftUpdateCheck = 0900;
				LastUpgradeCheck = 0900;
				ORGANIZATIONNAME = CTEC;
				TargetAttributes = {
					5B82DC111FA220D3009FDE58 = {
						CreatedOnToolsVersion = 9.0;
						ProvisioningStyle = Automatic;
					};
					5B82DC251FA220D3009FDE58 = {
						CreatedOnToolsVersion = 9.0;
						ProvisioningStyle = Automatic;
						TestTargetID = 5B82DC111FA220D3009FDE58;
					};
					5B82DC301FA220D3009FDE58 = {
						CreatedOnToolsVersion = 9.0;
						ProvisioningStyle = Automatic;
						TestTargetID = 5B82DC111FA220D3009FDE58;
					};
				};
			};
			buildConfigurationList = 5B82DC0D1FA220D3009FDE58 /* Build configuration list for PBXProject "Connor_CSP" */;
			compatibilityVersion = "Xcode 8.0";
			developmentRegion = en;
			hasScannedForEncodings = 0;
			knownRegions = (
				en,
				Base,
			);
			mainGroup = 5B82DC091FA220D3009FDE58;
			productRefGroup = 5B82DC131FA220D3009FDE58 /* Products */;
			projectDirPath = "";
			projectRoot = "";
			targets = (
				5B82DC111FA220D3009FDE58 /* Connor_CSP */,
				5B82DC251FA220D3009FDE58 /* Connor_CSPTests */,
				5B82DC301FA220D3009FDE58 /* Connor_CSPUITests */,
			);
		};
/* End PBXProject section */

/* Begin PBXResourcesBuildPhase section */
		5B82DC101FA220D3009FDE58 /* Resources */ = {
			isa = PBXResourcesBuildPhase;
			buildActionMask = 2147483647;
			files = (
				5B82DC201FA220D3009FDE58 /* LaunchScreen.storyboard in Resources */,
				5B82DC1D1FA220D3009FDE58 /* Assets.xcassets in Resources */,
				5B82DC1B1FA220D3009FDE58 /* Main.storyboard in Resources */,
			);
			runOnlyForDeploymentPostprocessing = 0;
		};
		5B82DC241FA220D3009FDE58 /* Resources */ = {
			isa = PBXResourcesBuildPhase;
			buildActionMask = 2147483647;
			files = (
			);
			runOnlyForDeploymentPostprocessing = 0;
		};
		5B82DC2F1FA220D3009FDE58 /* Resources */ = {
			isa = PBXResourcesBuildPhase;
			buildActionMask = 2147483647;
			files = (
			);
			runOnlyForDeploymentPostprocessing = 0;
		};
/* End PBXResourcesBuildPhase section */

/* Begin PBXSourcesBuildPhase section */
		5B82DC0E1FA220D3009FDE58 /* Sources */ = {
			isa = PBXSourcesBuildPhase;
			buildActionMask = 2147483647;
			files = (
				5B82DC491FA223F7009FDE58 /* AbstractionController.swift in Sources */,
				5B82DC4F1FA22423009FDE58 /* ProgrammingController.swift in Sources */,
				5B82DC4D1FA22418009FDE58 /* AlgorithmsController.swift in Sources */,
				5B82DC531FA2244C009FDE58 /* globalImpactController.swift in Sources */,
				5B82DC4B1FA22409009FDE58 /* DataInformationController.swift in Sources */,
				5B82DC511FA22435009FDE58 /* theInternetController.swift in Sources */,
				5B82DC461FA223C2009FDE58 /* CreativityController.swift in Sources */,
				5B82DC181FA220D3009FDE58 /* ViewController.swift in Sources */,
				5B82DC161FA220D3009FDE58 /* AppDelegate.swift in Sources */,
			);
			runOnlyForDeploymentPostprocessing = 0;
		};
		5B82DC221FA220D3009FDE58 /* Sources */ = {
			isa = PBXSourcesBuildPhase;
			buildActionMask = 2147483647;
			files = (
				5B82DC2B1FA220D3009FDE58 /* Connor_CSPTests.swift in Sources */,
			);
			runOnlyForDeploymentPostprocessing = 0;
		};
		5B82DC2D1FA220D3009FDE58 /* Sources */ = {
			isa = PBXSourcesBuildPhase;
			buildActionMask = 2147483647;
			files = (
				5B82DC361FA220D3009FDE58 /* Connor_CSPUITests.swift in Sources */,
			);
			runOnlyForDeploymentPostprocessing = 0;
		};
/* End PBXSourcesBuildPhase section */

/* Begin PBXTargetDependency section */
		5B82DC281FA220D3009FDE58 /* PBXTargetDependency */ = {
			isa = PBXTargetDependency;
			target = 5B82DC111FA220D3009FDE58 /* Connor_CSP */;
			targetProxy = 5B82DC271FA220D3009FDE58 /* PBXContainerItemProxy */;
		};
		5B82DC331FA220D3009FDE58 /* PBXTargetDependency */ = {
			isa = PBXTargetDependency;
			target = 5B82DC111FA220D3009FDE58 /* Connor_CSP */;
			targetProxy = 5B82DC321FA220D3009FDE58 /* PBXContainerItemProxy */;
		};
/* End PBXTargetDependency section */

/* Begin PBXVariantGroup section */
		5B82DC191FA220D3009FDE58 /* Main.storyboard */ = {
			isa = PBXVariantGroup;
			children = (
				5B82DC1A1FA220D3009FDE58 /* Base */,
			);
			name = Main.storyboard;
			sourceTree = "<group>";
		};
		5B82DC1E1FA220D3009FDE58 /* LaunchScreen.storyboard */ = {
			isa = PBXVariantGroup;
			children = (
				5B82DC1F1FA220D3009FDE58 /* Base */,
			);
			name = LaunchScreen.storyboard;
			sourceTree = "<group>";
		};
/* End PBXVariantGroup section */

/* Begin XCBuildConfiguration section */
		5B82DC381FA220D3009FDE58 /* Debug */ = {
			isa = XCBuildConfiguration;
			buildSettings = {
				ALWAYS_SEARCH_USER_PATHS = NO;
				CLANG_ANALYZER_NONNULL = YES;
				CLANG_ANALYZER_NUMBER_OBJECT_CONVERSION = YES_AGGRESSIVE;
				CLANG_CXX_LANGUAGE_STANDARD = "gnu++14";
				CLANG_CXX_LIBRARY = "libc++";
				CLANG_ENABLE_MODULES = YES;
				CLANG_ENABLE_OBJC_ARC = YES;
				CLANG_WARN_BLOCK_CAPTURE_AUTORELEASING = YES;
				CLANG_WARN_BOOL_CONVERSION = YES;
				CLANG_WARN_COMMA = YES;
				CLANG_WARN_CONSTANT_CONVERSION = YES;
				CLANG_WARN_DIRECT_OBJC_ISA_USAGE = YES_ERROR;
				CLANG_WARN_DOCUMENTATION_COMMENTS = YES;
				CLANG_WARN_EMPTY_BODY = YES;
				CLANG_WARN_ENUM_CONVERSION = YES;
				CLANG_WARN_INFINITE_RECURSION = YES;
				CLANG_WARN_INT_CONVERSION = YES;
				CLANG_WARN_NON_LITERAL_NULL_CONVERSION = YES;
				CLANG_WARN_OBJC_LITERAL_CONVERSION = YES;
				CLANG_WARN_OBJC_ROOT_CLASS = YES_ERROR;
				CLANG_WARN_RANGE_LOOP_ANALYSIS = YES;
				CLANG_WARN_STRICT_PROTOTYPES = YES;
				CLANG_WARN_SUSPICIOUS_MOVE = YES;
				CLANG_WARN_UNGUARDED_AVAILABILITY = YES_AGGRESSIVE;
				CLANG_WARN_UNREACHABLE_CODE = YES;
				CLANG_WARN__DUPLICATE_METHOD_MATCH = YES;
				CODE_SIGN_IDENTITY = "iPhone Developer";
				COPY_PHASE_STRIP = NO;
				DEBUG_INFORMATION_FORMAT = dwarf;
				ENABLE_STRICT_OBJC_MSGSEND = YES;
				ENABLE_TESTABILITY = YES;
				GCC_C_LANGUAGE_STANDARD = gnu11;
				GCC_DYNAMIC_NO_PIC = NO;
				GCC_NO_COMMON_BLOCKS = YES;
				GCC_OPTIMIZATION_LEVEL = 0;
				GCC_PREPROCESSOR_DEFINITIONS = (
					"DEBUG=1",
					"$(inherited)",
				);
				GCC_WARN_64_TO_32_BIT_CONVERSION = YES;
				GCC_WARN_ABOUT_RETURN_TYPE = YES_ERROR;
				GCC_WARN_UNDECLARED_SELECTOR = YES;
				GCC_WARN_UNINITIALIZED_AUTOS = YES_AGGRESSIVE;
				GCC_WARN_UNUSED_FUNCTION = YES;
				GCC_WARN_UNUSED_VARIABLE = YES;
				IPHONEOS_DEPLOYMENT_TARGET = 11.0;
				MTL_ENABLE_DEBUG_INFO = YES;
				ONLY_ACTIVE_ARCH = YES;
				SDKROOT = iphoneos;
				SWIFT_ACTIVE_COMPILATION_CONDITIONS = DEBUG;
				SWIFT_OPTIMIZATION_LEVEL = "-Onone";
			};
			name = Debug;
		};
		5B82DC391FA220D3009FDE58 /* Release */ = {
			isa = XCBuildConfiguration;
			buildSettings = {
				ALWAYS_SEARCH_USER_PATHS = NO;
				CLANG_ANALYZER_NONNULL = YES;
				CLANG_ANALYZER_NUMBER_OBJECT_CONVERSION = YES_AGGRESSIVE;
				CLANG_CXX_LANGUAGE_STANDARD = "gnu++14";
				CLANG_CXX_LIBRARY = "libc++";
				CLANG_ENABLE_MODULES = YES;
				CLANG_ENABLE_OBJC_ARC = YES;
				CLANG_WARN_BLOCK_CAPTURE_AUTORELEASING = YES;
				CLANG_WARN_BOOL_CONVERSION = YES;
				CLANG_WARN_COMMA = YES;
				CLANG_WARN_CONSTANT_CONVERSION = YES;
				CLANG_WARN_DIRECT_OBJC_ISA_USAGE = YES_ERROR;
				CLANG_WARN_DOCUMENTATION_COMMENTS = YES;
				CLANG_WARN_EMPTY_BODY = YES;
				CLANG_WARN_ENUM_CONVERSION = YES;
				CLANG_WARN_INFINITE_RECURSION = YES;
				CLANG_WARN_INT_CONVERSION = YES;
				CLANG_WARN_NON_LITERAL_NULL_CONVERSION = YES;
				CLANG_WARN_OBJC_LITERAL_CONVERSION = YES;
				CLANG_WARN_OBJC_ROOT_CLASS = YES_ERROR;
				CLANG_WARN_RANGE_LOOP_ANALYSIS = YES;
				CLANG_WARN_STRICT_PROTOTYPES = YES;
				CLANG_WARN_SUSPICIOUS_MOVE = YES;
				CLANG_WARN_UNGUARDED_AVAILABILITY = YES_AGGRESSIVE;
				CLANG_WARN_UNREACHABLE_CODE = YES;
				CLANG_WARN__DUPLICATE_METHOD_MATCH = YES;
				CODE_SIGN_IDENTITY = "iPhone Developer";
				COPY_PHASE_STRIP = NO;
				DEBUG_INFORMATION_FORMAT = "dwarf-with-dsym";
				ENABLE_NS_ASSERTIONS = NO;
				ENABLE_STRICT_OBJC_MSGSEND = YES;
				GCC_C_LANGUAGE_STANDARD = gnu11;
				GCC_NO_COMMON_BLOCKS = YES;
				GCC_WARN_64_TO_32_BIT_CONVERSION = YES;
				GCC_WARN_ABOUT_RETURN_TYPE = YES_ERROR;
				GCC_WARN_UNDECLARED_SELECTOR = YES;
				GCC_WARN_UNINITIALIZED_AUTOS = YES_AGGRESSIVE;
				GCC_WARN_UNUSED_FUNCTION = YES;
				GCC_WARN_UNUSED_VARIABLE = YES;
				IPHONEOS_DEPLOYMENT_TARGET = 11.0;
				MTL_ENABLE_DEBUG_INFO = NO;
				SDKROOT = iphoneos;
				SWIFT_OPTIMIZATION_LEVEL = "-Owholemodule";
				VALIDATE_PRODUCT = YES;
			};
			name = Release;
		};
		5B82DC3B1FA220D3009FDE58 /* Debug */ = {
			isa = XCBuildConfiguration;
			buildSettings = {
				ASSETCATALOG_COMPILER_APPICON_NAME = AppIcon;
				CODE_SIGN_STYLE = Automatic;
				INFOPLIST_FILE = Connor_CSP/Info.plist;
				LD_RUNPATH_SEARCH_PATHS = "$(inherited) @executable_path/Frameworks";
				PRODUCT_BUNDLE_IDENTIFIER = "CTEC.Connor-CSP";
				PRODUCT_NAME = "$(TARGET_NAME)";
				SWIFT_VERSION = 4.0;
				TARGETED_DEVICE_FAMILY = "1,2";
			};
			name = Debug;
		};
		5B82DC3C1FA220D3009FDE58 /* Release */ = {
			isa = XCBuildConfiguration;
			buildSettings = {
				ASSETCATALOG_COMPILER_APPICON_NAME = AppIcon;
				CODE_SIGN_STYLE = Automatic;
				INFOPLIST_FILE = Connor_CSP/Info.plist;
				LD_RUNPATH_SEARCH_PATHS = "$(inherited) @executable_path/Frameworks";
				PRODUCT_BUNDLE_IDENTIFIER = "CTEC.Connor-CSP";
				PRODUCT_NAME = "$(TARGET_NAME)";
				SWIFT_VERSION = 4.0;
				TARGETED_DEVICE_FAMILY = "1,2";
			};
			name = Release;
		};
		5B82DC3E1FA220D3009FDE58 /* Debug */ = {
			isa = XCBuildConfiguration;
			buildSettings = {
				ALWAYS_EMBED_SWIFT_STANDARD_LIBRARIES = YES;
				BUNDLE_LOADER = "$(TEST_HOST)";
				CODE_SIGN_STYLE = Automatic;
				INFOPLIST_FILE = Connor_CSPTests/Info.plist;
				LD_RUNPATH_SEARCH_PATHS = "$(inherited) @executable_path/Frameworks @loader_path/Frameworks";
				PRODUCT_BUNDLE_IDENTIFIER = "CTEC.Connor-CSPTests";
				PRODUCT_NAME = "$(TARGET_NAME)";
				SWIFT_VERSION = 4.0;
				TARGETED_DEVICE_FAMILY = "1,2";
				TEST_HOST = "$(BUILT_PRODUCTS_DIR)/Connor_CSP.app/Connor_CSP";
			};
			name = Debug;
		};
		5B82DC3F1FA220D3009FDE58 /* Release */ = {
			isa = XCBuildConfiguration;
			buildSettings = {
				ALWAYS_EMBED_SWIFT_STANDARD_LIBRARIES = YES;
				BUNDLE_LOADER = "$(TEST_HOST)";
				CODE_SIGN_STYLE = Automatic;
				INFOPLIST_FILE = Connor_CSPTests/Info.plist;
				LD_RUNPATH_SEARCH_PATHS = "$(inherited) @executable_path/Frameworks @loader_path/Frameworks";
				PRODUCT_BUNDLE_IDENTIFIER = "CTEC.Connor-CSPTests";
				PRODUCT_NAME = "$(TARGET_NAME)";
				SWIFT_VERSION = 4.0;
				TARGETED_DEVICE_FAMILY = "1,2";
				TEST_HOST = "$(BUILT_PRODUCTS_DIR)/Connor_CSP.app/Connor_CSP";
			};
			name = Release;
		};
		5B82DC411FA220D3009FDE58 /* Debug */ = {
			isa = XCBuildConfiguration;
			buildSettings = {
				ALWAYS_EMBED_SWIFT_STANDARD_LIBRARIES = YES;
				CODE_SIGN_STYLE = Automatic;
				INFOPLIST_FILE = Connor_CSPUITests/Info.plist;
				LD_RUNPATH_SEARCH_PATHS = "$(inherited) @executable_path/Frameworks @loader_path/Frameworks";
				PRODUCT_BUNDLE_IDENTIFIER = "CTEC.Connor-CSPUITests";
				PRODUCT_NAME = "$(TARGET_NAME)";
				SWIFT_VERSION = 4.0;
				TARGETED_DEVICE_FAMILY = "1,2";
				TEST_TARGET_NAME = Connor_CSP;
			};
			name = Debug;
		};
		5B82DC421FA220D3009FDE58 /* Release */ = {
			isa = XCBuildConfiguration;
			buildSettings = {
				ALWAYS_EMBED_SWIFT_STANDARD_LIBRARIES = YES;
				CODE_SIGN_STYLE = Automatic;
				INFOPLIST_FILE = Connor_CSPUITests/Info.plist;
				LD_RUNPATH_SEARCH_PATHS = "$(inherited) @executable_path/Frameworks @loader_path/Frameworks";
				PRODUCT_BUNDLE_IDENTIFIER = "CTEC.Connor-CSPUITests";
				PRODUCT_NAME = "$(TARGET_NAME)";
				SWIFT_VERSION = 4.0;
				TARGETED_DEVICE_FAMILY = "1,2";
				TEST_TARGET_NAME = Connor_CSP;
			};
			name = Release;
		};
/* End XCBuildConfiguration section */

/* Begin XCConfigurationList section */
		5B82DC0D1FA220D3009FDE58 /* Build configuration list for PBXProject "Connor_CSP" */ = {
			isa = XCConfigurationList;
			buildConfigurations = (
				5B82DC381FA220D3009FDE58 /* Debug */,
				5B82DC391FA220D3009FDE58 /* Release */,
			);
			defaultConfigurationIsVisible = 0;
			defaultConfigurationName = Release;
		};
		5B82DC3A1FA220D3009FDE58 /* Build configuration list for PBXNativeTarget "Connor_CSP" */ = {
			isa = XCConfigurationList;
			buildConfigurations = (
				5B82DC3B1FA220D3009FDE58 /* Debug */,
				5B82DC3C1FA220D3009FDE58 /* Release */,
			);
			defaultConfigurationIsVisible = 0;
			defaultConfigurationName = Release;
		};
		5B82DC3D1FA220D3009FDE58 /* Build configuration list for PBXNativeTarget "Connor_CSPTests" */ = {
			isa = XCConfigurationList;
			buildConfigurations = (
				5B82DC3E1FA220D3009FDE58 /* Debug */,
				5B82DC3F1FA220D3009FDE58 /* Release */,
			);
			defaultConfigurationIsVisible = 0;
			defaultConfigurationName = Release;
		};
		5B82DC401FA220D3009FDE58 /* Build configuration list for PBXNativeTarget "Connor_CSPUITests" */ = {
			isa = XCConfigurationList;
			buildConfigurations = (
				5B82DC411FA220D3009FDE58 /* Debug */,
				5B82DC421FA220D3009FDE58 /* Release */,
			);
			defaultConfigurationIsVisible = 0;
			defaultConfigurationName = Release;
		};
/* End XCConfigurationList section */
	};
	rootObject = 5B82DC0A1FA220D3009FDE58 /* Project object */;
}
